
Microsoft Visual Studio Solution File, Format Version 12.00
# Visual Studio Version 16
VisualStudioVersion = 16.0.29424.173
MinimumVisualStudioVersion = 10.0.40219.1
Project("{FAE04EC0-301F-11D3-BF4B-00C04F79EFBC}") = "HostsEditor", "HostsEditor\HostsEditor.csproj", "{525E3342-7793-4247-81DE-418AF777B428}"
EndProject
Global
	GlobalSection(SolutionConfigurationPlatforms) = preSolution
		Debug|Any CPU = Debug|Any CPU
		Release|Any CPU = Release|Any CPU
	EndGlobalSection
	GlobalSection(ProjectConfigurationPlatforms) = postSolution
		{525E3342-7793-4247-81DE-418AF777B428}.Debug|Any CPU.ActiveCfg = Debug|Any CPU
		{525E3342-7793-4247-81DE-418AF777B428}.Debug|Any CPU.Build.0 = Debug|Any CPU
		{525E3342-7793-4247-81DE-418AF777B428}.Release|Any CPU.ActiveCfg = Release|Any CPU
		{525E3342-7793-4247-81DE-418AF777B428}.Release|Any CPU.Build.0 = Release|Any CPU
	EndGlobalSection
	GlobalSection(SolutionProperties) = preSolution
		HideSolutionNode = FALSE
	EndGlobalSection
	GlobalSection(ExtensibilityGlobals) = postSolution
		SolutionGuid = {D5FE64E4-D672-492A-8C1A-080CF2E40F90}
	EndGlobalSection
EndGlobal
